// !$*UTF8*$!
{
	archiveVersion = 1;
	classes = {
	};
	objectVersion = 50;
	objects = {

/* Begin PBXBuildFile section */
		3B7B0B6B20BD1B5500C7F8F8 /* HJDCSDK.h in CopyFiles */ = {isa = PBXBuildFile; fileRef = 3B7B0B6820BD1B5500C7F8F8 /* HJDCSDK.h */; };
		BD30A1EF20BD4B42005CCBF0 /* GTMBase64.m in Sources */ = {isa = PBXBuildFile; fileRef = BD30A1EC20BD4B42005CCBF0 /* GTMBase64.m */; };
		BD45F8672110003E007F5711 /* NSData+HJDCEncrypt.m in Sources */ = {isa = PBXBuildFile; fileRef = BD45F8602110003E007F5711 /* NSData+HJDCEncrypt.m */; };
		BD45F8682110003E007F5711 /* NSString+HJDC.m in Sources */ = {isa = PBXBuildFile; fileRef = BD45F8622110003E007F5711 /* NSString+HJDC.m */; };
		BD45F8692110003E007F5711 /* NSString+HJDCEncrypt.m in Sources */ = {isa = PBXBuildFile; fileRef = BD45F8642110003E007F5711 /* NSString+HJDCEncrypt.m */; };
		BD45F86A2110003E007F5711 /* NSString+HJDCTool.m in Sources */ = {isa = PBXBuildFile; fileRef = BD45F8662110003E007F5711 /* NSString+HJDCTool.m */; };
		BD45F870211000E0007F5711 /* ChartItem.m in Sources */ = {isa = PBXBuildFile; fileRef = BD45F86D211000E0007F5711 /* ChartItem.m */; };
		BD45F871211000E0007F5711 /* ChartLineView.m in Sources */ = {isa = PBXBuildFile; fileRef = BD45F86F211000E0007F5711 /* ChartLineView.m */; };
		BD4AC69C219A5C8600FE6951 /* pieChartItem.m in Sources */ = {isa = PBXBuildFile; fileRef = BD4AC699219A5C8600FE6951 /* pieChartItem.m */; };
		BD4AC69D219A5C8600FE6951 /* PZLPieChart.m in Sources */ = {isa = PBXBuildFile; fileRef = BD4AC69B219A5C8600FE6951 /* PZLPieChart.m */; };
/* End PBXBuildFile section */

/* Begin PBXCopyFilesBuildPhase section */
		3B7B0B6320BD1B5500C7F8F8 /* CopyFiles */ = {
			isa = PBXCopyFilesBuildPhase;
			buildActionMask = 2147483647;
			dstPath = "include/$(PRODUCT_NAME)";
			dstSubfolderSpec = 16;
			files = (
				3B7B0B6B20BD1B5500C7F8F8 /* HJDCSDK.h in CopyFiles */,
			);
			runOnlyForDeploymentPostprocessing = 0;
		};
/* End PBXCopyFilesBuildPhase section */

/* Begin PBXFileReference section */
		3B7B0B6520BD1B5500C7F8F8 /* libHJDCSDK.a */ = {isa = PBXFileReference; explicitFileType = archive.ar; includeInIndex = 0; path = libHJDCSDK.a; sourceTree = BUILT_PRODUCTS_DIR; };
		3B7B0B6820BD1B5500C7F8F8 /* HJDCSDK.h */ = {isa = PBXFileReference; lastKnownFileType = sourcecode.c.h; path = HJDCSDK.h; sourceTree = "<group>"; };
		3B7B0B7120BD1BAE00C7F8F8 /* HJDCDSG.h */ = {isa = PBXFileReference; lastKnownFileType = sourcecode.c.h; path = HJDCDSG.h; sourceTree = "<group>"; };
		3B7B0B7420BD1BBD00C7F8F8 /* HJDCLDG.h */ = {isa = PBXFileReference; lastKnownFileType = sourcecode.c.h; path = HJDCLDG.h; sourceTree = "<group>"; };
		3B7B0B7720BD1BCE00C7F8F8 /* HJDCLSF.h */ = {isa = PBXFileReference; lastKnownFileType = sourcecode.c.h; path = HJDCLSF.h; sourceTree = "<group>"; };
		3B7B0B7A20BD1BDC00C7F8F8 /* HJDCXLD.h */ = {isa = PBXFileReference; lastKnownFileType = sourcecode.c.h; path = HJDCXLD.h; sourceTree = "<group>"; };
		3B7B0B7D20BD1BEB00C7F8F8 /* HJDCWDG.h */ = {isa = PBXFileReference; lastKnownFileType = sourcecode.c.h; path = HJDCWDG.h; sourceTree = "<group>"; };
		3B7B0BA720BD25EA00C7F8F8 /* HJDCSDKBundle.bundle */ = {isa = PBXFileReference; explicitFileType = wrapper.cfbundle; includeInIndex = 0; path = HJDCSDKBundle.bundle; sourceTree = BUILT_PRODUCTS_DIR; };
		3B7B0BA920BD25EA00C7F8F8 /* Info.plist */ = {isa = PBXFileReference; lastKnownFileType = text.plist.xml; path = Info.plist; sourceTree = "<group>"; };
		BD30A1EB20BD4B42005CCBF0 /* GTMBase64.h */ = {isa = PBXFileReference; fileEncoding = 4; lastKnownFileType = sourcecode.c.h; path = GTMBase64.h; sourceTree = "<group>"; };
		BD30A1EC20BD4B42005CCBF0 /* GTMBase64.m */ = {isa = PBXFileReference; fileEncoding = 4; lastKnownFileType = sourcecode.c.objc; path = GTMBase64.m; sourceTree = "<group>"; };
		BD30A1ED20BD4B42005CCBF0 /* GTMDefines.h */ = {isa = PBXFileReference; fileEncoding = 4; lastKnownFileType = sourcecode.c.h; path = GTMDefines.h; sourceTree = "<group>"; };
		BD45F85F2110003E007F5711 /* NSData+HJDCEncrypt.h */ = {isa = PBXFileReference; fileEncoding = 4; lastKnownFileType = sourcecode.c.h; path = "NSData+HJDCEncrypt.h"; sourceTree = "<group>"; };
		BD45F8602110003E007F5711 /* NSData+HJDCEncrypt.m */ = {isa = PBXFileReference; fileEncoding = 4; lastKnownFileType = sourcecode.c.objc; path = "NSData+HJDCEncrypt.m"; sourceTree = "<group>"; };
		BD45F8612110003E007F5711 /* NSString+HJDC.h */ = {isa = PBXFileReference; fileEncoding = 4; lastKnownFileType = sourcecode.c.h; path = "NSString+HJDC.h"; sourceTree = "<group>"; };
		BD45F8622110003E007F5711 /* NSString+HJDC.m */ = {isa = PBXFileReference; fileEncoding = 4; lastKnownFileType = sourcecode.c.objc; path = "NSString+HJDC.m"; sourceTree = "<group>"; };
		BD45F8632110003E007F5711 /* NSString+HJDCEncrypt.h */ = {isa = PBXFileReference; fileEncoding = 4; lastKnownFileType = sourcecode.c.h; path = "NSString+HJDCEncrypt.h"; sourceTree = "<group>"; };
		BD45F8642110003E007F5711 /* NSString+HJDCEncrypt.m */ = {isa = PBXFileReference; fileEncoding = 4; lastKnownFileType = sourcecode.c.objc; path = "NSString+HJDCEncrypt.m"; sourceTree = "<group>"; };
		BD45F8652110003E007F5711 /* NSString+HJDCTool.h */ = {isa = PBXFileReference; fileEncoding = 4; lastKnownFileType = sourcecode.c.h; path = "NSString+HJDCTool.h"; sourceTree = "<group>"; };
		BD45F8662110003E007F5711 /* NSString+HJDCTool.m */ = {isa = PBXFileReference; fileEncoding = 4; lastKnownFileType = sourcecode.c.objc; path = "NSString+HJDCTool.m"; sourceTree = "<group>"; };
		BD45F86C211000E0007F5711 /* ChartItem.h */ = {isa = PBXFileReference; fileEncoding = 4; lastKnownFileType = sourcecode.c.h; path = ChartItem.h; sourceTree = "<group>"; };
		BD45F86D211000E0007F5711 /* ChartItem.m */ = {isa = PBXFileReference; fileEncoding = 4; lastKnownFileType = sourcecode.c.objc; path = ChartItem.m; sourceTree = "<group>"; };
		BD45F86E211000E0007F5711 /* ChartLineView.h */ = {isa = PBXFileReference; fileEncoding = 4; lastKnownFileType = sourcecode.c.h; path = ChartLineView.h; sourceTree = "<group>"; };
		BD45F86F211000E0007F5711 /* ChartLineView.m */ = {isa = PBXFileReference; fileEncoding = 4; lastKnownFileType = sourcecode.c.objc; path = ChartLineView.m; sourceTree = "<group>"; };
		BD4AC698219A5C8600FE6951 /* pieChartItem.h */ = {isa = PBXFileReference; fileEncoding = 4; lastKnownFileType = sourcecode.c.h; path = pieChartItem.h; sourceTree = "<group>"; };
		BD4AC699219A5C8600FE6951 /* pieChartItem.m */ = {isa = PBXFileReference; fileEncoding = 4; lastKnownFileType = sourcecode.c.objc; path = pieChartItem.m; sourceTree = "<group>"; };
		BD4AC69A219A5C8600FE6951 /* PZLPieChart.h */ = {isa = PBXFileReference; fileEncoding = 4; lastKnownFileType = sourcecode.c.h; path = PZLPieChart.h; sourceTree = "<group>"; };
		BD4AC69B219A5C8600FE6951 /* PZLPieChart.m */ = {isa = PBXFileReference; fileEncoding = 4; lastKnownFileType = sourcecode.c.objc; path = PZLPieChart.m; sourceTree = "<group>"; };
/* End PBXFileReference section */

/* Begin PBXFrameworksBuildPhase section */
		3B7B0B6220BD1B5500C7F8F8 /* Frameworks */ = {
			isa = PBXFrameworksBuildPhase;
			buildActionMask = 2147483647;
			files = (
			);
			runOnlyForDeploymentPostprocessing = 0;
		};
		3B7B0BA420BD25EA00C7F8F8 /* Frameworks */ = {
			isa = PBXFrameworksBuildPhase;
			buildActionMask = 2147483647;
			files = (
			);
			runOnlyForDeploymentPostprocessing = 0;
		};
/* End PBXFrameworksBuildPhase section */

/* Begin PBXGroup section */
		3B7B0B5C20BD1B5500C7F8F8 = {
			isa = PBXGroup;
			children = (
				3B7B0B6720BD1B5500C7F8F8 /* HJDCSDK */,
				3B7B0BA820BD25EA00C7F8F8 /* HJDCSDKBundle */,
				3B7B0B6620BD1B5500C7F8F8 /* Products */,
			);
			sourceTree = "<group>";
		};
		3B7B0B6620BD1B5500C7F8F8 /* Products */ = {
			isa = PBXGroup;
			children = (
				3B7B0B6520BD1B5500C7F8F8 /* libHJDCSDK.a */,
				3B7B0BA720BD25EA00C7F8F8 /* HJDCSDKBundle.bundle */,
			);
			name = Products;
			sourceTree = "<group>";
		};
		3B7B0B6720BD1B5500C7F8F8 /* HJDCSDK */ = {
			isa = PBXGroup;
			children = (
				BD4AC697219A5C8600FE6951 /* 饼图 */,
				BD45F86B211000E0007F5711 /* 基金走势图 */,
				BD45F85E2110003E007F5711 /* 分类(文件夹名待定) */,
				BD30A1EA20BD4B42005CCBF0 /* GTMBase64 */,
				3B7B0B6820BD1B5500C7F8F8 /* HJDCSDK.h */,
				3B7B0B7120BD1BAE00C7F8F8 /* HJDCDSG.h */,
				3B7B0B7420BD1BBD00C7F8F8 /* HJDCLDG.h */,
				3B7B0B7720BD1BCE00C7F8F8 /* HJDCLSF.h */,
				3B7B0B7A20BD1BDC00C7F8F8 /* HJDCXLD.h */,
				3B7B0B7D20BD1BEB00C7F8F8 /* HJDCWDG.h */,
			);
			path = HJDCSDK;
			sourceTree = "<group>";
		};
		3B7B0BA820BD25EA00C7F8F8 /* HJDCSDKBundle */ = {
			isa = PBXGroup;
			children = (
				3B7B0BA920BD25EA00C7F8F8 /* Info.plist */,
			);
			path = HJDCSDKBundle;
			sourceTree = "<group>";
		};
		BD30A1EA20BD4B42005CCBF0 /* GTMBase64 */ = {
			isa = PBXGroup;
			children = (
				BD30A1EB20BD4B42005CCBF0 /* GTMBase64.h */,
				BD30A1EC20BD4B42005CCBF0 /* GTMBase64.m */,
				BD30A1ED20BD4B42005CCBF0 /* GTMDefines.h */,
			);
			path = GTMBase64;
			sourceTree = "<group>";
		};
		BD45F85E2110003E007F5711 /* 分类(文件夹名待定) */ = {
			isa = PBXGroup;
			children = (
				BD45F85F2110003E007F5711 /* NSData+HJDCEncrypt.h */,
				BD45F8602110003E007F5711 /* NSData+HJDCEncrypt.m */,
				BD45F8612110003E007F5711 /* NSString+HJDC.h */,
				BD45F8622110003E007F5711 /* NSString+HJDC.m */,
				BD45F8632110003E007F5711 /* NSString+HJDCEncrypt.h */,
				BD45F8642110003E007F5711 /* NSString+HJDCEncrypt.m */,
				BD45F8652110003E007F5711 /* NSString+HJDCTool.h */,
				BD45F8662110003E007F5711 /* NSString+HJDCTool.m */,
			);
			path = "分类(文件夹名待定)";
			sourceTree = "<group>";
		};
		BD45F86B211000E0007F5711 /* 基金走势图 */ = {
			isa = PBXGroup;
			children = (
				BD45F86C211000E0007F5711 /* ChartItem.h */,
				BD45F86D211000E0007F5711 /* ChartItem.m */,
				BD45F86E211000E0007F5711 /* ChartLineView.h */,
				BD45F86F211000E0007F5711 /* ChartLineView.m */,
			);
			path = "基金走势图";
			sourceTree = "<group>";
		};
		BD4AC697219A5C8600FE6951 /* 饼图 */ = {
			isa = PBXGroup;
			children = (
				BD4AC698219A5C8600FE6951 /* pieChartItem.h */,
				BD4AC699219A5C8600FE6951 /* pieChartItem.m */,
				BD4AC69A219A5C8600FE6951 /* PZLPieChart.h */,
				BD4AC69B219A5C8600FE6951 /* PZLPieChart.m */,
			);
			path = "饼图";
			sourceTree = "<group>";
		};
/* End PBXGroup section */

/* Begin PBXNativeTarget section */
		3B7B0B6420BD1B5500C7F8F8 /* HJDCSDK */ = {
			isa = PBXNativeTarget;
			buildConfigurationList = 3B7B0B6E20BD1B5500C7F8F8 /* Build configuration list for PBXNativeTarget "HJDCSDK" */;
			buildPhases = (
				3B7B0B6120BD1B5500C7F8F8 /* Sources */,
				3B7B0B6220BD1B5500C7F8F8 /* Frameworks */,
				3B7B0B6320BD1B5500C7F8F8 /* CopyFiles */,
			);
			buildRules = (
			);
			dependencies = (
			);
			name = HJDCSDK;
			productName = HJDCSDK;
			productReference = 3B7B0B6520BD1B5500C7F8F8 /* libHJDCSDK.a */;
			productType = "com.apple.product-type.library.static";
		};
		3B7B0BA620BD25EA00C7F8F8 /* HJDCSDKBundle */ = {
			isa = PBXNativeTarget;
			buildConfigurationList = 3B7B0BAA20BD25EA00C7F8F8 /* Build configuration list for PBXNativeTarget "HJDCSDKBundle" */;
			buildPhases = (
				3B7B0BA320BD25EA00C7F8F8 /* Sources */,
				3B7B0BA420BD25EA00C7F8F8 /* Frameworks */,
				3B7B0BA520BD25EA00C7F8F8 /* Resources */,
			);
			buildRules = (
			);
			dependencies = (
			);
			name = HJDCSDKBundle;
			productName = HJDCSDKBundle;
			productReference = 3B7B0BA720BD25EA00C7F8F8 /* HJDCSDKBundle.bundle */;
			productType = "com.apple.product-type.bundle";
		};
/* End PBXNativeTarget section */

/* Begin PBXProject section */
		3B7B0B5D20BD1B5500C7F8F8 /* Project object */ = {
			isa = PBXProject;
			attributes = {
				LastUpgradeCheck = 0930;
				ORGANIZATIONNAME = WangAn;
				TargetAttributes = {
					3B7B0B6420BD1B5500C7F8F8 = {
						CreatedOnToolsVersion = 9.3;
					};
					3B7B0BA620BD25EA00C7F8F8 = {
						CreatedOnToolsVersion = 9.3;
					};
				};
			};
			buildConfigurationList = 3B7B0B6020BD1B5500C7F8F8 /* Build configuration list for PBXProject "HJDCSDK" */;
			compatibilityVersion = "Xcode 9.3";
			developmentRegion = en;
			hasScannedForEncodings = 0;
			knownRegions = (
				en,
			);
			mainGroup = 3B7B0B5C20BD1B5500C7F8F8;
			productRefGroup = 3B7B0B6620BD1B5500C7F8F8 /* Products */;
			projectDirPath = "";
			projectRoot = "";
			targets = (
				3B7B0B6420BD1B5500C7F8F8 /* HJDCSDK */,
				3B7B0BA620BD25EA00C7F8F8 /* HJDCSDKBundle */,
			);
		};
/* End PBXProject section */

/* Begin PBXResourcesBuildPhase section */
		3B7B0BA520BD25EA00C7F8F8 /* Resources */ = {
			isa = PBXResourcesBuildPhase;
			buildActionMask = 2147483647;
			files = (
			);
			runOnlyForDeploymentPostprocessing = 0;
		};
/* End PBXResourcesBuildPhase section */

/* Begin PBXSourcesBuildPhase section */
		3B7B0B6120BD1B5500C7F8F8 /* Sources */ = {
			isa = PBXSourcesBuildPhase;
			buildActionMask = 2147483647;
			files = (
				BD30A1EF20BD4B42005CCBF0 /* GTMBase64.m in Sources */,
			);
			runOnlyForDeploymentPostprocessing = 0;
		};
		3B7B0BA320BD25EA00C7F8F8 /* Sources */ = {
			isa = PBXSourcesBuildPhase;
			buildActionMask = 2147483647;
			files = (
				BD45F86A2110003E007F5711 /* NSString+HJDCTool.m in Sources */,
				BD4AC69C219A5C8600FE6951 /* pieChartItem.m in Sources */,
				BD45F871211000E0007F5711 /* ChartLineView.m in Sources */,
				BD45F8682110003E007F5711 /* NSString+HJDC.m in Sources */,
				BD45F870211000E0007F5711 /* ChartItem.m in Sources */,
				BD45F8672110003E007F5711 /* NSData+HJDCEncrypt.m in Sources */,
				BD4AC69D219A5C8600FE6951 /* PZLPieChart.m in Sources */,
				BD45F8692110003E007F5711 /* NSString+HJDCEncrypt.m in Sources */,
			);
			runOnlyForDeploymentPostprocessing = 0;
		};
/* End PBXSourcesBuildPhase section */

/* Begin XCBuildConfiguration section */
		3B7B0B6C20BD1B5500C7F8F8 /* Debug */ = {
			isa = XCBuildConfiguration;
			buildSettings = {
				ALWAYS_SEARCH_USER_PATHS = NO;
				CLANG_ANALYZER_NONNULL = YES;
				CLANG_ANALYZER_NUMBER_OBJECT_CONVERSION = YES_AGGRESSIVE;
				CLANG_CXX_LANGUAGE_STANDARD = "gnu++14";
				CLANG_CXX_LIBRARY = "libc++";
				CLANG_ENABLE_MODULES = YES;
				CLANG_ENABLE_OBJC_ARC = YES;
				CLANG_ENABLE_OBJC_WEAK = YES;
				CLANG_WARN_BLOCK_CAPTURE_AUTORELEASING = YES;
				CLANG_WARN_BOOL_CONVERSION = YES;
				CLANG_WARN_COMMA = YES;
				CLANG_WARN_CONSTANT_CONVERSION = YES;
				CLANG_WARN_DEPRECATED_OBJC_IMPLEMENTATIONS = YES;
				CLANG_WARN_DIRECT_OBJC_ISA_USAGE = YES_ERROR;
				CLANG_WARN_DOCUMENTATION_COMMENTS = YES;
				CLANG_WARN_EMPTY_BODY = YES;
				CLANG_WARN_ENUM_CONVERSION = YES;
				CLANG_WARN_INFINITE_RECURSION = YES;
				CLANG_WARN_INT_CONVERSION = YES;
				CLANG_WARN_NON_LITERAL_NULL_CONVERSION = YES;
				CLANG_WARN_OBJC_IMPLICIT_RETAIN_SELF = YES;
				CLANG_WARN_OBJC_LITERAL_CONVERSION = YES;
				CLANG_WARN_OBJC_ROOT_CLASS = YES_ERROR;
				CLANG_WARN_RANGE_LOOP_ANALYSIS = YES;
				CLANG_WARN_STRICT_PROTOTYPES = YES;
				CLANG_WARN_SUSPICIOUS_MOVE = YES;
				CLANG_WARN_UNGUARDED_AVAILABILITY = YES_AGGRESSIVE;
				CLANG_WARN_UNREACHABLE_CODE = YES;
				CLANG_WARN__DUPLICATE_METHOD_MATCH = YES;
				CODE_SIGN_IDENTITY = "iPhone Developer";
				COPY_PHASE_STRIP = NO;
				DEBUG_INFORMATION_FORMAT = dwarf;
				ENABLE_STRICT_OBJC_MSGSEND = YES;
				ENABLE_TESTABILITY = YES;
				GCC_C_LANGUAGE_STANDARD = gnu11;
				GCC_DYNAMIC_NO_PIC = NO;
				GCC_NO_COMMON_BLOCKS = YES;
				GCC_OPTIMIZATION_LEVEL = 0;
				GCC_PREPROCESSOR_DEFINITIONS = (
					"DEBUG=1",
					"$(inherited)",
				);
				GCC_WARN_64_TO_32_BIT_CONVERSION = YES;
				GCC_WARN_ABOUT_RETURN_TYPE = YES_ERROR;
				GCC_WARN_UNDECLARED_SELECTOR = YES;
				GCC_WARN_UNINITIALIZED_AUTOS = YES_AGGRESSIVE;
				GCC_WARN_UNUSED_FUNCTION = YES;
				GCC_WARN_UNUSED_VARIABLE = YES;
				IPHONEOS_DEPLOYMENT_TARGET = 11.3;
				MTL_ENABLE_DEBUG_INFO = YES;
				ONLY_ACTIVE_ARCH = YES;
				SDKROOT = iphoneos;
			};
			name = Debug;
		};
		3B7B0B6D20BD1B5500C7F8F8 /* Release */ = {
			isa = XCBuildConfiguration;
			buildSettings = {
				ALWAYS_SEARCH_USER_PATHS = NO;
				CLANG_ANALYZER_NONNULL = YES;
				CLANG_ANALYZER_NUMBER_OBJECT_CONVERSION = YES_AGGRESSIVE;
				CLANG_CXX_LANGUAGE_STANDARD = "gnu++14";
				CLANG_CXX_LIBRARY = "libc++";
				CLANG_ENABLE_MODULES = YES;
				CLANG_ENABLE_OBJC_ARC = YES;
				CLANG_ENABLE_OBJC_WEAK = YES;
				CLANG_WARN_BLOCK_CAPTURE_AUTORELEASING = YES;
				CLANG_WARN_BOOL_CONVERSION = YES;
				CLANG_WARN_COMMA = YES;
				CLANG_WARN_CONSTANT_CONVERSION = YES;
				CLANG_WARN_DEPRECATED_OBJC_IMPLEMENTATIONS = YES;
				CLANG_WARN_DIRECT_OBJC_ISA_USAGE = YES_ERROR;
				CLANG_WARN_DOCUMENTATION_COMMENTS = YES;
				CLANG_WARN_EMPTY_BODY = YES;
				CLANG_WARN_ENUM_CONVERSION = YES;
				CLANG_WARN_INFINITE_RECURSION = YES;
				CLANG_WARN_INT_CONVERSION = YES;
				CLANG_WARN_NON_LITERAL_NULL_CONVERSION = YES;
				CLANG_WARN_OBJC_IMPLICIT_RETAIN_SELF = YES;
				CLANG_WARN_OBJC_LITERAL_CONVERSION = YES;
				CLANG_WARN_OBJC_ROOT_CLASS = YES_ERROR;
				CLANG_WARN_RANGE_LOOP_ANALYSIS = YES;
				CLANG_WARN_STRICT_PROTOTYPES = YES;
				CLANG_WARN_SUSPICIOUS_MOVE = YES;
				CLANG_WARN_UNGUARDED_AVAILABILITY = YES_AGGRESSIVE;
				CLANG_WARN_UNREACHABLE_CODE = YES;
				CLANG_WARN__DUPLICATE_METHOD_MATCH = YES;
				CODE_SIGN_IDENTITY = "iPhone Developer";
				COPY_PHASE_STRIP = NO;
				DEBUG_INFORMATION_FORMAT = "dwarf-with-dsym";
				ENABLE_NS_ASSERTIONS = NO;
				ENABLE_STRICT_OBJC_MSGSEND = YES;
				GCC_C_LANGUAGE_STANDARD = gnu11;
				GCC_NO_COMMON_BLOCKS = YES;
				GCC_WARN_64_TO_32_BIT_CONVERSION = YES;
				GCC_WARN_ABOUT_RETURN_TYPE = YES_ERROR;
				GCC_WARN_UNDECLARED_SELECTOR = YES;
				GCC_WARN_UNINITIALIZED_AUTOS = YES_AGGRESSIVE;
				GCC_WARN_UNUSED_FUNCTION = YES;
				GCC_WARN_UNUSED_VARIABLE = YES;
				IPHONEOS_DEPLOYMENT_TARGET = 11.3;
				MTL_ENABLE_DEBUG_INFO = NO;
				SDKROOT = iphoneos;
				VALIDATE_PRODUCT = YES;
			};
			name = Release;
		};
		3B7B0B6F20BD1B5500C7F8F8 /* Debug */ = {
			isa = XCBuildConfiguration;
			buildSettings = {
				CODE_SIGN_STYLE = Automatic;
				DEVELOPMENT_TEAM = SZ55FZ9DJD;
				OTHER_LDFLAGS = "-ObjC";
				PRODUCT_NAME = "$(TARGET_NAME)";
				SKIP_INSTALL = YES;
				TARGETED_DEVICE_FAMILY = "1,2";
			};
			name = Debug;
		};
		3B7B0B7020BD1B5500C7F8F8 /* Release */ = {
			isa = XCBuildConfiguration;
			buildSettings = {
				CODE_SIGN_STYLE = Automatic;
				DEVELOPMENT_TEAM = SZ55FZ9DJD;
				OTHER_LDFLAGS = "-ObjC";
				PRODUCT_NAME = "$(TARGET_NAME)";
				SKIP_INSTALL = YES;
				TARGETED_DEVICE_FAMILY = "1,2";
			};
			name = Release;
		};
		3B7B0BAB20BD25EA00C7F8F8 /* Debug */ = {
			isa = XCBuildConfiguration;
			buildSettings = {
				CODE_SIGN_IDENTITY = "Mac Developer";
				CODE_SIGN_STYLE = Automatic;
				COMBINE_HIDPI_IMAGES = YES;
				DEVELOPMENT_TEAM = SZ55FZ9DJD;
				INFOPLIST_FILE = HJDCSDKBundle/Info.plist;
				INSTALL_PATH = "$(LOCAL_LIBRARY_DIR)/Bundles";
				MACOSX_DEPLOYMENT_TARGET = 10.13;
				PRODUCT_BUNDLE_IDENTIFIER = com.wangan.demo.HJDCSDKBundle;
				PRODUCT_NAME = "$(TARGET_NAME)";
				SDKROOT = macosx;
				SKIP_INSTALL = YES;
				WRAPPER_EXTENSION = bundle;
			};
			name = Debug;
		};
		3B7B0BAC20BD25EA00C7F8F8 /* Release */ = {
			isa = XCBuildConfiguration;
			buildSettings = {
				CODE_SIGN_IDENTITY = "Mac Developer";
				CODE_SIGN_STYLE = Automatic;
				COMBINE_HIDPI_IMAGES = YES;
				DEVELOPMENT_TEAM = SZ55FZ9DJD;
				INFOPLIST_FILE = HJDCSDKBundle/Info.plist;
				INSTALL_PATH = "$(LOCAL_LIBRARY_DIR)/Bundles";
				MACOSX_DEPLOYMENT_TARGET = 10.13;
				PRODUCT_BUNDLE_IDENTIFIER = com.wangan.demo.HJDCSDKBundle;
				PRODUCT_NAME = "$(TARGET_NAME)";
				SDKROOT = macosx;
				SKIP_INSTALL = YES;
				WRAPPER_EXTENSION = bundle;
			};
			name = Release;
		};
/* End XCBuildConfiguration section */

/* Begin XCConfigurationList section */
		3B7B0B6020BD1B5500C7F8F8 /* Build configuration list for PBXProject "HJDCSDK" */ = {
			isa = XCConfigurationList;
			buildConfigurations = (
				3B7B0B6C20BD1B5500C7F8F8 /* Debug */,
				3B7B0B6D20BD1B5500C7F8F8 /* Release */,
			);
			defaultConfigurationIsVisible = 0;
			defaultConfigurationName = Release;
		};
		3B7B0B6E20BD1B5500C7F8F8 /* Build configuration list for PBXNativeTarget "HJDCSDK" */ = {
			isa = XCConfigurationList;
			buildConfigurations = (
				3B7B0B6F20BD1B5500C7F8F8 /* Debug */,
				3B7B0B7020BD1B5500C7F8F8 /* Release */,
			);
			defaultConfigurationIsVisible = 0;
			defaultConfigurationName = Release;
		};
		3B7B0BAA20BD25EA00C7F8F8 /* Build configuration list for PBXNativeTarget "HJDCSDKBundle" */ = {
			isa = XCConfigurationList;
			buildConfigurations = (
				3B7B0BAB20BD25EA00C7F8F8 /* Debug */,
				3B7B0BAC20BD25EA00C7F8F8 /* Release */,
			);
			defaultConfigurationIsVisible = 0;
			defaultConfigurationName = Release;
		};
/* End XCConfigurationList section */
	};
	rootObject = 3B7B0B5D20BD1B5500C7F8F8 /* Project object */;
}
